PODS:
  - BMSCore (0.0.12)
  - BMSSecurity (0.0.5):
    - BMSCore
  - Bolts (1.6.0):
    - Bolts/AppLinks (= 1.6.0)
    - Bolts/Tasks (= 1.6.0)
  - Bolts/AppLinks (1.6.0):
    - Bolts/Tasks
  - Bolts/Tasks (1.6.0)
  - FBSDKCoreKit (4.9.1):
    - Bolts (~> 1.5)
  - FBSDKLoginKit (4.9.1):
    - FBSDKCoreKit

DEPENDENCIES:
  - BMSCore (from `https://github.com/ibm-bluemix-mobile-services/bms-clientsdk-swift-core.git`,
    branch `mca_team_dev`)
  - BMSSecurity (from `https://github.com/ibm-bluemix-mobile-services/bms-clientsdk-swift-security.git`,
    branch `mca_team_dev`)
  - FBSDKLoginKit (~> 4.9)

EXTERNAL SOURCES:
  BMSCore:
    :branch: mca_team_dev
    :git: https://github.com/ibm-bluemix-mobile-services/bms-clientsdk-swift-core.git
  BMSSecurity:
    :branch: mca_team_dev
    :git: https://github.com/ibm-bluemix-mobile-services/bms-clientsdk-swift-security.git

CHECKOUT OPTIONS:
  BMSCore:
    :commit: f7f08d9557cd7ab253607550a2665616b70dfc83
    :git: https://github.com/ibm-bluemix-mobile-services/bms-clientsdk-swift-core.git
  BMSSecurity:
    :commit: 883c3f4d754a0ce332200c7331dc190eade50cab
    :git: https://github.com/ibm-bluemix-mobile-services/bms-clientsdk-swift-security.git

SPEC CHECKSUMS:
  BMSCore: 202e34bddf55af764eec4e8c0dbb430f075154ce
  BMSSecurity: 0df1669657212f828fff6d35168de0ec98716578
  Bolts: f52a250053bb517ca874523c3913776359ab3def
  FBSDKCoreKit: aee20b6d9855f15b618d4fddd1a5ad45f5a4a59d
  FBSDKLoginKit: ec22dc49bd372b064e93d6773df4ffefb3a552a2

COCOAPODS: 0.39.0
