PODS:
  - BMSCore (0.0.20)
  - BMSFacebookAuthentication (0.0.6):
    - BMSSecurity
    - FBSDKLoginKit (~> 4.9)
  - BMSSecurity (0.0.15):
    - BMSCore
    - RNCryptor (~> 4.0.0-beta)
  - Bolts (1.6.0):
    - Bolts/AppLinks (= 1.6.0)
    - Bolts/Tasks (= 1.6.0)
  - Bolts/AppLinks (1.6.0):
    - Bolts/Tasks
  - Bolts/Tasks (1.6.0)
  - FBSDKCoreKit (4.10.0):
    - Bolts (~> 1.5)
  - FBSDKLoginKit (4.10.0):
    - FBSDKCoreKit
  - RNCryptor (4.0.0)

DEPENDENCIES:
  - BMSFacebookAuthentication

SPEC CHECKSUMS:
  BMSCore: c26841f6e9f710a53c33e3621ffbb336bce7acca
  BMSFacebookAuthentication: 110cbce250b0a1734c69c1db2c5d78f524c92978
  BMSSecurity: 0a41b7a4ea4749dd1177306975a69ae090e05aa7
  Bolts: f52a250053bb517ca874523c3913776359ab3def
  FBSDKCoreKit: 13bec8373fb3af94d44daf2aa1e0958687897fbd
  FBSDKLoginKit: d3d4a2e9d31954deb00bfea964167a05ca1ea976
  RNCryptor: 59d6483908115af5c12b884db23392024e52a5fe

COCOAPODS: 0.39.0
