// !$*UTF8*$!
{
	archiveVersion = 1;
	classes = {
	};
	objectVersion = 46;
	objects = {

/* Begin PBXBuildFile section */
		00CAA9F61C6A1B31001C4730 /* AppDelegate.swift in Sources */ = {isa = PBXBuildFile; fileRef = 00CAA9F51C6A1B31001C4730 /* AppDelegate.swift */; };
		00CAA9F81C6A1B31001C4730 /* ViewController.swift in Sources */ = {isa = PBXBuildFile; fileRef = 00CAA9F71C6A1B31001C4730 /* ViewController.swift */; };
		00CAA9FB1C6A1B31001C4730 /* Main.storyboard in Resources */ = {isa = PBXBuildFile; fileRef = 00CAA9F91C6A1B31001C4730 /* Main.storyboard */; };
		00CAA9FD1C6A1B31001C4730 /* Assets.xcassets in Resources */ = {isa = PBXBuildFile; fileRef = 00CAA9FC1C6A1B31001C4730 /* Assets.xcassets */; };
		00CAAA001C6A1B31001C4730 /* LaunchScreen.storyboard in Resources */ = {isa = PBXBuildFile; fileRef = 00CAA9FE1C6A1B31001C4730 /* LaunchScreen.storyboard */; };
		00CAAA091C6A201B001C4730 /* FacebookAuthenticationManager.swift in Sources */ = {isa = PBXBuildFile; fileRef = 00CAAA081C6A201B001C4730 /* FacebookAuthenticationManager.swift */; };
		14473E1F76FB2F3DE1E6797F /* Pods_FacebookMCA.framework in Frameworks */ = {isa = PBXBuildFile; fileRef = 9EAE0593129D7424928CCB18 /* Pods_FacebookMCA.framework */; };
/* End PBXBuildFile section */

/* Begin PBXFileReference section */
		00CAA9F21C6A1B31001C4730 /* FacebookMCA.app */ = {isa = PBXFileReference; explicitFileType = wrapper.application; includeInIndex = 0; path = FacebookMCA.app; sourceTree = BUILT_PRODUCTS_DIR; };
		00CAA9F51C6A1B31001C4730 /* AppDelegate.swift */ = {isa = PBXFileReference; lastKnownFileType = sourcecode.swift; path = AppDelegate.swift; sourceTree = "<group>"; };
		00CAA9F71C6A1B31001C4730 /* ViewController.swift */ = {isa = PBXFileReference; lastKnownFileType = sourcecode.swift; path = ViewController.swift; sourceTree = "<group>"; };
		00CAA9FA1C6A1B31001C4730 /* Base */ = {isa = PBXFileReference; lastKnownFileType = file.storyboard; name = Base; path = Base.lproj/Main.storyboard; sourceTree = "<group>"; };
		00CAA9FC1C6A1B31001C4730 /* Assets.xcassets */ = {isa = PBXFileReference; lastKnownFileType = folder.assetcatalog; path = Assets.xcassets; sourceTree = "<group>"; };
		00CAA9FF1C6A1B31001C4730 /* Base */ = {isa = PBXFileReference; lastKnownFileType = file.storyboard; name = Base; path = Base.lproj/LaunchScreen.storyboard; sourceTree = "<group>"; };
		00CAAA011C6A1B31001C4730 /* Info.plist */ = {isa = PBXFileReference; lastKnownFileType = text.plist.xml; path = Info.plist; sourceTree = "<group>"; };
		00CAAA081C6A201B001C4730 /* FacebookAuthenticationManager.swift */ = {isa = PBXFileReference; fileEncoding = 4; lastKnownFileType = sourcecode.swift; path = FacebookAuthenticationManager.swift; sourceTree = "<group>"; };
		55E513411E0453915512F311 /* Pods-FacebookMCA.debug.xcconfig */ = {isa = PBXFileReference; includeInIndex = 1; lastKnownFileType = text.xcconfig; name = "Pods-FacebookMCA.debug.xcconfig"; path = "Pods/Target Support Files/Pods-FacebookMCA/Pods-FacebookMCA.debug.xcconfig"; sourceTree = "<group>"; };
		5C94A2ABF0CEFEB088503984 /* Pods-FacebookMCA.release.xcconfig */ = {isa = PBXFileReference; includeInIndex = 1; lastKnownFileType = text.xcconfig; name = "Pods-FacebookMCA.release.xcconfig"; path = "Pods/Target Support Files/Pods-FacebookMCA/Pods-FacebookMCA.release.xcconfig"; sourceTree = "<group>"; };
		9EAE0593129D7424928CCB18 /* Pods_FacebookMCA.framework */ = {isa = PBXFileReference; explicitFileType = wrapper.framework; includeInIndex = 0; path = Pods_FacebookMCA.framework; sourceTree = BUILT_PRODUCTS_DIR; };
/* End PBXFileReference section */

/* Begin PBXFrameworksBuildPhase section */
		00CAA9EF1C6A1B31001C4730 /* Frameworks */ = {
			isa = PBXFrameworksBuildPhase;
			buildActionMask = 2147483647;
			files = (
				14473E1F76FB2F3DE1E6797F /* Pods_FacebookMCA.framework in Frameworks */,
			);
			runOnlyForDeploymentPostprocessing = 0;
		};
/* End PBXFrameworksBuildPhase section */

/* Begin PBXGroup section */
		00CAA9E91C6A1B31001C4730 = {
			isa = PBXGroup;
			children = (
				00CAA9F41C6A1B31001C4730 /* FacebookMCA */,
				00CAA9F31C6A1B31001C4730 /* Products */,
				7E7E528C5DDE33C308A8EBDA /* Pods */,
				F803D72084B890EE2437FE5B /* Frameworks */,
			);
			sourceTree = "<group>";
		};
		00CAA9F31C6A1B31001C4730 /* Products */ = {
			isa = PBXGroup;
			children = (
				00CAA9F21C6A1B31001C4730 /* FacebookMCA.app */,
			);
			name = Products;
			sourceTree = "<group>";
		};
		00CAA9F41C6A1B31001C4730 /* FacebookMCA */ = {
			isa = PBXGroup;
			children = (
				00CAAA071C6A1FF9001C4730 /* Sources */,
				00CAA9F51C6A1B31001C4730 /* AppDelegate.swift */,
				00CAA9F71C6A1B31001C4730 /* ViewController.swift */,
				00CAA9F91C6A1B31001C4730 /* Main.storyboard */,
				00CAA9FC1C6A1B31001C4730 /* Assets.xcassets */,
				00CAA9FE1C6A1B31001C4730 /* LaunchScreen.storyboard */,
				00CAAA011C6A1B31001C4730 /* Info.plist */,
			);
			path = FacebookMCA;
			sourceTree = "<group>";
		};
		00CAAA071C6A1FF9001C4730 /* Sources */ = {
			isa = PBXGroup;
			children = (
				00CAAA081C6A201B001C4730 /* FacebookAuthenticationManager.swift */,
			);
			name = Sources;
			sourceTree = "<group>";
		};
		7E7E528C5DDE33C308A8EBDA /* Pods */ = {
			isa = PBXGroup;
			children = (
				55E513411E0453915512F311 /* Pods-FacebookMCA.debug.xcconfig */,
				5C94A2ABF0CEFEB088503984 /* Pods-FacebookMCA.release.xcconfig */,
			);
			name = Pods;
			sourceTree = "<group>";
		};
		F803D72084B890EE2437FE5B /* Frameworks */ = {
			isa = PBXGroup;
			children = (
				9EAE0593129D7424928CCB18 /* Pods_FacebookMCA.framework */,
			);
			name = Frameworks;
			sourceTree = "<group>";
		};
/* End PBXGroup section */

/* Begin PBXNativeTarget section */
		00CAA9F11C6A1B31001C4730 /* FacebookMCA */ = {
			isa = PBXNativeTarget;
			buildConfigurationList = 00CAAA041C6A1B31001C4730 /* Build configuration list for PBXNativeTarget "FacebookMCA" */;
			buildPhases = (
				F70142F9F6C2BDD50A464220 /* Check Pods Manifest.lock */,
				00CAA9EE1C6A1B31001C4730 /* Sources */,
				00CAA9EF1C6A1B31001C4730 /* Frameworks */,
				00CAA9F01C6A1B31001C4730 /* Resources */,
				967FA2C9F4E13D6014439EC7 /* Embed Pods Frameworks */,
				982EA11AF84E7D6EE2D2495B /* Copy Pods Resources */,
			);
			buildRules = (
			);
			dependencies = (
			);
			name = FacebookMCA;
			productName = FacebookMCA;
			productReference = 00CAA9F21C6A1B31001C4730 /* FacebookMCA.app */;
			productType = "com.apple.product-type.application";
		};
/* End PBXNativeTarget section */

/* Begin PBXProject section */
		00CAA9EA1C6A1B31001C4730 /* Project object */ = {
			isa = PBXProject;
			attributes = {
				LastSwiftUpdateCheck = 0720;
				LastUpgradeCheck = 0720;
				ORGANIZATIONNAME = "Asaf Manassen";
				TargetAttributes = {
					00CAA9F11C6A1B31001C4730 = {
						CreatedOnToolsVersion = 7.2;
					};
				};
			};
			buildConfigurationList = 00CAA9ED1C6A1B31001C4730 /* Build configuration list for PBXProject "FacebookMCA" */;
			compatibilityVersion = "Xcode 3.2";
			developmentRegion = English;
			hasScannedForEncodings = 0;
			knownRegions = (
				en,
				Base,
			);
			mainGroup = 00CAA9E91C6A1B31001C4730;
			productRefGroup = 00CAA9F31C6A1B31001C4730 /* Products */;
			projectDirPath = "";
			projectRoot = "";
			targets = (
				00CAA9F11C6A1B31001C4730 /* FacebookMCA */,
			);
		};
/* End PBXProject section */

/* Begin PBXResourcesBuildPhase section */
		00CAA9F01C6A1B31001C4730 /* Resources */ = {
			isa = PBXResourcesBuildPhase;
			buildActionMask = 2147483647;
			files = (
				00CAAA001C6A1B31001C4730 /* LaunchScreen.storyboard in Resources */,
				00CAA9FD1C6A1B31001C4730 /* Assets.xcassets in Resources */,
				00CAA9FB1C6A1B31001C4730 /* Main.storyboard in Resources */,
			);
			runOnlyForDeploymentPostprocessing = 0;
		};
/* End PBXResourcesBuildPhase section */

/* Begin PBXShellScriptBuildPhase section */
		967FA2C9F4E13D6014439EC7 /* Embed Pods Frameworks */ = {
			isa = PBXShellScriptBuildPhase;
			buildActionMask = 2147483647;
			files = (
			);
			inputPaths = (
			);
			name = "Embed Pods Frameworks";
			outputPaths = (
			);
			runOnlyForDeploymentPostprocessing = 0;
			shellPath = /bin/sh;
			shellScript = "\"${SRCROOT}/Pods/Target Support Files/Pods-FacebookMCA/Pods-FacebookMCA-frameworks.sh\"\n";
			showEnvVarsInLog = 0;
		};
		982EA11AF84E7D6EE2D2495B /* Copy Pods Resources */ = {
			isa = PBXShellScriptBuildPhase;
			buildActionMask = 2147483647;
			files = (
			);
			inputPaths = (
			);
			name = "Copy Pods Resources";
			outputPaths = (
			);
			runOnlyForDeploymentPostprocessing = 0;
			shellPath = /bin/sh;
			shellScript = "\"${SRCROOT}/Pods/Target Support Files/Pods-FacebookMCA/Pods-FacebookMCA-resources.sh\"\n";
			showEnvVarsInLog = 0;
		};
		F70142F9F6C2BDD50A464220 /* Check Pods Manifest.lock */ = {
			isa = PBXShellScriptBuildPhase;
			buildActionMask = 2147483647;
			files = (
			);
			inputPaths = (
			);
			name = "Check Pods Manifest.lock";
			outputPaths = (
			);
			runOnlyForDeploymentPostprocessing = 0;
			shellPath = /bin/sh;
			shellScript = "diff \"${PODS_ROOT}/../Podfile.lock\" \"${PODS_ROOT}/Manifest.lock\" > /dev/null\nif [[ $? != 0 ]] ; then\n    cat << EOM\nerror: The sandbox is not in sync with the Podfile.lock. Run 'pod install' or update your CocoaPods installation.\nEOM\n    exit 1\nfi\n";
			showEnvVarsInLog = 0;
		};
/* End PBXShellScriptBuildPhase section */

/* Begin PBXSourcesBuildPhase section */
		00CAA9EE1C6A1B31001C4730 /* Sources */ = {
			isa = PBXSourcesBuildPhase;
			buildActionMask = 2147483647;
			files = (
				00CAA9F81C6A1B31001C4730 /* ViewController.swift in Sources */,
				00CAAA091C6A201B001C4730 /* FacebookAuthenticationManager.swift in Sources */,
				00CAA9F61C6A1B31001C4730 /* AppDelegate.swift in Sources */,
			);
			runOnlyForDeploymentPostprocessing = 0;
		};
/* End PBXSourcesBuildPhase section */

/* Begin PBXVariantGroup section */
		00CAA9F91C6A1B31001C4730 /* Main.storyboard */ = {
			isa = PBXVariantGroup;
			children = (
				00CAA9FA1C6A1B31001C4730 /* Base */,
			);
			name = Main.storyboard;
			sourceTree = "<group>";
		};
		00CAA9FE1C6A1B31001C4730 /* LaunchScreen.storyboard */ = {
			isa = PBXVariantGroup;
			children = (
				00CAA9FF1C6A1B31001C4730 /* Base */,
			);
			name = LaunchScreen.storyboard;
			sourceTree = "<group>";
		};
/* End PBXVariantGroup section */

/* Begin XCBuildConfiguration section */
		00CAAA021C6A1B31001C4730 /* Debug */ = {
			isa = XCBuildConfiguration;
			buildSettings = {
				ALWAYS_SEARCH_USER_PATHS = NO;
				CLANG_CXX_LANGUAGE_STANDARD = "gnu++0x";
				CLANG_CXX_LIBRARY = "libc++";
				CLANG_ENABLE_MODULES = YES;
				CLANG_ENABLE_OBJC_ARC = YES;
				CLANG_WARN_BOOL_CONVERSION = YES;
				CLANG_WARN_CONSTANT_CONVERSION = YES;
				CLANG_WARN_DIRECT_OBJC_ISA_USAGE = YES_ERROR;
				CLANG_WARN_EMPTY_BODY = YES;
				CLANG_WARN_ENUM_CONVERSION = YES;
				CLANG_WARN_INT_CONVERSION = YES;
				CLANG_WARN_OBJC_ROOT_CLASS = YES_ERROR;
				CLANG_WARN_UNREACHABLE_CODE = YES;
				CLANG_WARN__DUPLICATE_METHOD_MATCH = YES;
				"CODE_SIGN_IDENTITY[sdk=iphoneos*]" = "iPhone Developer";
				COPY_PHASE_STRIP = NO;
				DEBUG_INFORMATION_FORMAT = dwarf;
				ENABLE_STRICT_OBJC_MSGSEND = YES;
				ENABLE_TESTABILITY = YES;
				GCC_C_LANGUAGE_STANDARD = gnu99;
				GCC_DYNAMIC_NO_PIC = NO;
				GCC_NO_COMMON_BLOCKS = YES;
				GCC_OPTIMIZATION_LEVEL = 0;
				GCC_PREPROCESSOR_DEFINITIONS = (
					"DEBUG=1",
					"$(inherited)",
				);
				GCC_WARN_64_TO_32_BIT_CONVERSION = YES;
				GCC_WARN_ABOUT_RETURN_TYPE = YES_ERROR;
				GCC_WARN_UNDECLARED_SELECTOR = YES;
				GCC_WARN_UNINITIALIZED_AUTOS = YES_AGGRESSIVE;
				GCC_WARN_UNUSED_FUNCTION = YES;
				GCC_WARN_UNUSED_VARIABLE = YES;
				IPHONEOS_DEPLOYMENT_TARGET = 9.2;
				MTL_ENABLE_DEBUG_INFO = YES;
				ONLY_ACTIVE_ARCH = YES;
				SDKROOT = iphoneos;
				SWIFT_OPTIMIZATION_LEVEL = "-Onone";
			};
			name = Debug;
		};
		00CAAA031C6A1B31001C4730 /* Release */ = {
			isa = XCBuildConfiguration;
			buildSettings = {
				ALWAYS_SEARCH_USER_PATHS = NO;
				CLANG_CXX_LANGUAGE_STANDARD = "gnu++0x";
				CLANG_CXX_LIBRARY = "libc++";
				CLANG_ENABLE_MODULES = YES;
				CLANG_ENABLE_OBJC_ARC = YES;
				CLANG_WARN_BOOL_CONVERSION = YES;
				CLANG_WARN_CONSTANT_CONVERSION = YES;
				CLANG_WARN_DIRECT_OBJC_ISA_USAGE = YES_ERROR;
				CLANG_WARN_EMPTY_BODY = YES;
				CLANG_WARN_ENUM_CONVERSION = YES;
				CLANG_WARN_INT_CONVERSION = YES;
				CLANG_WARN_OBJC_ROOT_CLASS = YES_ERROR;
				CLANG_WARN_UNREACHABLE_CODE = YES;
				CLANG_WARN__DUPLICATE_METHOD_MATCH = YES;
				"CODE_SIGN_IDENTITY[sdk=iphoneos*]" = "iPhone Developer";
				COPY_PHASE_STRIP = NO;
				DEBUG_INFORMATION_FORMAT = "dwarf-with-dsym";
				ENABLE_NS_ASSERTIONS = NO;
				ENABLE_STRICT_OBJC_MSGSEND = YES;
				GCC_C_LANGUAGE_STANDARD = gnu99;
				GCC_NO_COMMON_BLOCKS = YES;
				GCC_WARN_64_TO_32_BIT_CONVERSION = YES;
				GCC_WARN_ABOUT_RETURN_TYPE = YES_ERROR;
				GCC_WARN_UNDECLARED_SELECTOR = YES;
				GCC_WARN_UNINITIALIZED_AUTOS = YES_AGGRESSIVE;
				GCC_WARN_UNUSED_FUNCTION = YES;
				GCC_WARN_UNUSED_VARIABLE = YES;
				IPHONEOS_DEPLOYMENT_TARGET = 9.2;
				MTL_ENABLE_DEBUG_INFO = NO;
				SDKROOT = iphoneos;
				VALIDATE_PRODUCT = YES;
			};
			name = Release;
		};
		00CAAA051C6A1B31001C4730 /* Debug */ = {
			isa = XCBuildConfiguration;
			baseConfigurationReference = 55E513411E0453915512F311 /* Pods-FacebookMCA.debug.xcconfig */;
			buildSettings = {
				ASSETCATALOG_COMPILER_APPICON_NAME = AppIcon;
				INFOPLIST_FILE = FacebookMCA/Info.plist;
				LD_RUNPATH_SEARCH_PATHS = "$(inherited) @executable_path/Frameworks";
				PRODUCT_BUNDLE_IDENTIFIER = com.manassen.FacebookMCA;
				PRODUCT_NAME = "$(TARGET_NAME)";
			};
			name = Debug;
		};
		00CAAA061C6A1B31001C4730 /* Release */ = {
			isa = XCBuildConfiguration;
			baseConfigurationReference = 5C94A2ABF0CEFEB088503984 /* Pods-FacebookMCA.release.xcconfig */;
			buildSettings = {
				ASSETCATALOG_COMPILER_APPICON_NAME = AppIcon;
				INFOPLIST_FILE = FacebookMCA/Info.plist;
				LD_RUNPATH_SEARCH_PATHS = "$(inherited) @executable_path/Frameworks";
				PRODUCT_BUNDLE_IDENTIFIER = com.manassen.FacebookMCA;
				PRODUCT_NAME = "$(TARGET_NAME)";
			};
			name = Release;
		};
/* End XCBuildConfiguration section */

/* Begin XCConfigurationList section */
		00CAA9ED1C6A1B31001C4730 /* Build configuration list for PBXProject "FacebookMCA" */ = {
			isa = XCConfigurationList;
			buildConfigurations = (
				00CAAA021C6A1B31001C4730 /* Debug */,
				00CAAA031C6A1B31001C4730 /* Release */,
			);
			defaultConfigurationIsVisible = 0;
			defaultConfigurationName = Release;
		};
		00CAAA041C6A1B31001C4730 /* Build configuration list for PBXNativeTarget "FacebookMCA" */ = {
			isa = XCConfigurationList;
			buildConfigurations = (
				00CAAA051C6A1B31001C4730 /* Debug */,
				00CAAA061C6A1B31001C4730 /* Release */,
			);
			defaultConfigurationIsVisible = 0;
			defaultConfigurationName = Release;
		};
/* End XCConfigurationList section */
	};
	rootObject = 00CAA9EA1C6A1B31001C4730 /* Project object */;
}
